// !$*UTF8*$!
{
	archiveVersion = 1;
	classes = {
	};
	objectVersion = 56;
	objects = {

/* Begin PBXBuildFile section */
		15178070F4F8A86ECFB81175 /* Pods_SneaxtoreTests.framework in Frameworks */ = {isa = PBXBuildFile; fileRef = 824600B7241DE038975C507D /* Pods_SneaxtoreTests.framework */; };
		5AAF01ED2A276CAB00DE910A /* AppDelegate.swift in Sources */ = {isa = PBXBuildFile; fileRef = 5AAF01EC2A276CAB00DE910A /* AppDelegate.swift */; };
		5AAF01EF2A276CAB00DE910A /* SceneDelegate.swift in Sources */ = {isa = PBXBuildFile; fileRef = 5AAF01EE2A276CAB00DE910A /* SceneDelegate.swift */; };
		5AAF01F12A276CAB00DE910A /* ViewController.swift in Sources */ = {isa = PBXBuildFile; fileRef = 5AAF01F02A276CAB00DE910A /* ViewController.swift */; };
		5AAF01F42A276CAB00DE910A /* Main.storyboard in Resources */ = {isa = PBXBuildFile; fileRef = 5AAF01F22A276CAB00DE910A /* Main.storyboard */; };
		5AAF01F62A276CAE00DE910A /* Assets.xcassets in Resources */ = {isa = PBXBuildFile; fileRef = 5AAF01F52A276CAE00DE910A /* Assets.xcassets */; };
		5AAF01F92A276CAE00DE910A /* LaunchScreen.storyboard in Resources */ = {isa = PBXBuildFile; fileRef = 5AAF01F72A276CAE00DE910A /* LaunchScreen.storyboard */; };
		5AAF02042A276CAE00DE910A /* SneaxtoreTests.swift in Sources */ = {isa = PBXBuildFile; fileRef = 5AAF02032A276CAE00DE910A /* SneaxtoreTests.swift */; };
		5AAF020E2A276CAE00DE910A /* SneaxtoreUITests.swift in Sources */ = {isa = PBXBuildFile; fileRef = 5AAF020D2A276CAE00DE910A /* SneaxtoreUITests.swift */; };
		5AAF02102A276CAE00DE910A /* SneaxtoreUITestsLaunchTests.swift in Sources */ = {isa = PBXBuildFile; fileRef = 5AAF020F2A276CAE00DE910A /* SneaxtoreUITestsLaunchTests.swift */; };
		A69FAD50E333FFF9DBF8B1FB /* Pods_Sneaxtore_SneaxtoreUITests.framework in Frameworks */ = {isa = PBXBuildFile; fileRef = 9115E03890DA0BC0F0601430 /* Pods_Sneaxtore_SneaxtoreUITests.framework */; };
		DF1DB9C006BCF1137B4DBAF9 /* Pods_Sneaxtore.framework in Frameworks */ = {isa = PBXBuildFile; fileRef = 91FDD46EFEDBC34308FCB13E /* Pods_Sneaxtore.framework */; };
/* End PBXBuildFile section */

/* Begin PBXContainerItemProxy section */
		5AAF02002A276CAE00DE910A /* PBXContainerItemProxy */ = {
			isa = PBXContainerItemProxy;
			containerPortal = 5AAF01E12A276CAB00DE910A /* Project object */;
			proxyType = 1;
			remoteGlobalIDString = 5AAF01E82A276CAB00DE910A;
			remoteInfo = Sneaxtore;
		};
		5AAF020A2A276CAE00DE910A /* PBXContainerItemProxy */ = {
			isa = PBXContainerItemProxy;
			containerPortal = 5AAF01E12A276CAB00DE910A /* Project object */;
			proxyType = 1;
			remoteGlobalIDString = 5AAF01E82A276CAB00DE910A;
			remoteInfo = Sneaxtore;
		};
/* End PBXContainerItemProxy section */

/* Begin PBXFileReference section */
		054EDC698E9E057E3950EFDA /* Pods-Sneaxtore.debug.xcconfig */ = {isa = PBXFileReference; includeInIndex = 1; lastKnownFileType = text.xcconfig; name = "Pods-Sneaxtore.debug.xcconfig"; path = "Target Support Files/Pods-Sneaxtore/Pods-Sneaxtore.debug.xcconfig"; sourceTree = "<group>"; };
		2B6A101F2B202B7414440C0B /* Pods-SneaxtoreTests.release.xcconfig */ = {isa = PBXFileReference; includeInIndex = 1; lastKnownFileType = text.xcconfig; name = "Pods-SneaxtoreTests.release.xcconfig"; path = "Target Support Files/Pods-SneaxtoreTests/Pods-SneaxtoreTests.release.xcconfig"; sourceTree = "<group>"; };
		32AF71AD38494BA99683BEAC /* Pods-Sneaxtore-SneaxtoreUITests.debug.xcconfig */ = {isa = PBXFileReference; includeInIndex = 1; lastKnownFileType = text.xcconfig; name = "Pods-Sneaxtore-SneaxtoreUITests.debug.xcconfig"; path = "Target Support Files/Pods-Sneaxtore-SneaxtoreUITests/Pods-Sneaxtore-SneaxtoreUITests.debug.xcconfig"; sourceTree = "<group>"; };
		3CB0D28F6DE1C2CA150074E8 /* Pods-Sneaxtore.release.xcconfig */ = {isa = PBXFileReference; includeInIndex = 1; lastKnownFileType = text.xcconfig; name = "Pods-Sneaxtore.release.xcconfig"; path = "Target Support Files/Pods-Sneaxtore/Pods-Sneaxtore.release.xcconfig"; sourceTree = "<group>"; };
		453EBC827C61C2E6D672FCC6 /* Pods-Sneaxtore-SneaxtoreUITests.release.xcconfig */ = {isa = PBXFileReference; includeInIndex = 1; lastKnownFileType = text.xcconfig; name = "Pods-Sneaxtore-SneaxtoreUITests.release.xcconfig"; path = "Target Support Files/Pods-Sneaxtore-SneaxtoreUITests/Pods-Sneaxtore-SneaxtoreUITests.release.xcconfig"; sourceTree = "<group>"; };
		5AAF01E92A276CAB00DE910A /* Sneaxtore.app */ = {isa = PBXFileReference; explicitFileType = wrapper.application; includeInIndex = 0; path = Sneaxtore.app; sourceTree = BUILT_PRODUCTS_DIR; };
		5AAF01EC2A276CAB00DE910A /* AppDelegate.swift */ = {isa = PBXFileReference; lastKnownFileType = sourcecode.swift; path = AppDelegate.swift; sourceTree = "<group>"; };
		5AAF01EE2A276CAB00DE910A /* SceneDelegate.swift */ = {isa = PBXFileReference; lastKnownFileType = sourcecode.swift; path = SceneDelegate.swift; sourceTree = "<group>"; };
		5AAF01F02A276CAB00DE910A /* ViewController.swift */ = {isa = PBXFileReference; lastKnownFileType = sourcecode.swift; path = ViewController.swift; sourceTree = "<group>"; };
		5AAF01F32A276CAB00DE910A /* Base */ = {isa = PBXFileReference; lastKnownFileType = file.storyboard; name = Base; path = Base.lproj/Main.storyboard; sourceTree = "<group>"; };
		5AAF01F52A276CAE00DE910A /* Assets.xcassets */ = {isa = PBXFileReference; lastKnownFileType = folder.assetcatalog; path = Assets.xcassets; sourceTree = "<group>"; };
		5AAF01F82A276CAE00DE910A /* Base */ = {isa = PBXFileReference; lastKnownFileType = file.storyboard; name = Base; path = Base.lproj/LaunchScreen.storyboard; sourceTree = "<group>"; };
		5AAF01FA2A276CAE00DE910A /* Info.plist */ = {isa = PBXFileReference; lastKnownFileType = text.plist.xml; path = Info.plist; sourceTree = "<group>"; };
		5AAF01FF2A276CAE00DE910A /* SneaxtoreTests.xctest */ = {isa = PBXFileReference; explicitFileType = wrapper.cfbundle; includeInIndex = 0; path = SneaxtoreTests.xctest; sourceTree = BUILT_PRODUCTS_DIR; };
		5AAF02032A276CAE00DE910A /* SneaxtoreTests.swift */ = {isa = PBXFileReference; lastKnownFileType = sourcecode.swift; path = SneaxtoreTests.swift; sourceTree = "<group>"; };
		5AAF02092A276CAE00DE910A /* SneaxtoreUITests.xctest */ = {isa = PBXFileReference; explicitFileType = wrapper.cfbundle; includeInIndex = 0; path = SneaxtoreUITests.xctest; sourceTree = BUILT_PRODUCTS_DIR; };
		5AAF020D2A276CAE00DE910A /* SneaxtoreUITests.swift */ = {isa = PBXFileReference; lastKnownFileType = sourcecode.swift; path = SneaxtoreUITests.swift; sourceTree = "<group>"; };
		5AAF020F2A276CAE00DE910A /* SneaxtoreUITestsLaunchTests.swift */ = {isa = PBXFileReference; lastKnownFileType = sourcecode.swift; path = SneaxtoreUITestsLaunchTests.swift; sourceTree = "<group>"; };
		5E4222416656A9399617C091 /* Pods-SneaxtoreTests.debug.xcconfig */ = {isa = PBXFileReference; includeInIndex = 1; lastKnownFileType = text.xcconfig; name = "Pods-SneaxtoreTests.debug.xcconfig"; path = "Target Support Files/Pods-SneaxtoreTests/Pods-SneaxtoreTests.debug.xcconfig"; sourceTree = "<group>"; };
		824600B7241DE038975C507D /* Pods_SneaxtoreTests.framework */ = {isa = PBXFileReference; explicitFileType = wrapper.framework; includeInIndex = 0; path = Pods_SneaxtoreTests.framework; sourceTree = BUILT_PRODUCTS_DIR; };
		9115E03890DA0BC0F0601430 /* Pods_Sneaxtore_SneaxtoreUITests.framework */ = {isa = PBXFileReference; explicitFileType = wrapper.framework; includeInIndex = 0; path = Pods_Sneaxtore_SneaxtoreUITests.framework; sourceTree = BUILT_PRODUCTS_DIR; };
		91FDD46EFEDBC34308FCB13E /* Pods_Sneaxtore.framework */ = {isa = PBXFileReference; explicitFileType = wrapper.framework; includeInIndex = 0; path = Pods_Sneaxtore.framework; sourceTree = BUILT_PRODUCTS_DIR; };
/* End PBXFileReference section */

/* Begin PBXFrameworksBuildPhase section */
		5AAF01E62A276CAB00DE910A /* Frameworks */ = {
			isa = PBXFrameworksBuildPhase;
			buildActionMask = 2147483647;
			files = (
				DF1DB9C006BCF1137B4DBAF9 /* Pods_Sneaxtore.framework in Frameworks */,
			);
			runOnlyForDeploymentPostprocessing = 0;
		};
		5AAF01FC2A276CAE00DE910A /* Frameworks */ = {
			isa = PBXFrameworksBuildPhase;
			buildActionMask = 2147483647;
			files = (
				15178070F4F8A86ECFB81175 /* Pods_SneaxtoreTests.framework in Frameworks */,
			);
			runOnlyForDeploymentPostprocessing = 0;
		};
		5AAF02062A276CAE00DE910A /* Frameworks */ = {
			isa = PBXFrameworksBuildPhase;
			buildActionMask = 2147483647;
			files = (
				A69FAD50E333FFF9DBF8B1FB /* Pods_Sneaxtore_SneaxtoreUITests.framework in Frameworks */,
			);
			runOnlyForDeploymentPostprocessing = 0;
		};
/* End PBXFrameworksBuildPhase section */

/* Begin PBXGroup section */
		5AAF01E02A276CAB00DE910A = {
			isa = PBXGroup;
			children = (
				5AAF01EB2A276CAB00DE910A /* Sneaxtore */,
				5AAF02022A276CAE00DE910A /* SneaxtoreTests */,
				5AAF020C2A276CAE00DE910A /* SneaxtoreUITests */,
				5AAF01EA2A276CAB00DE910A /* Products */,
				C26BC36D1E0831C3C059F6A9 /* Pods */,
				705FA8CBBC89ED7F3B66694C /* Frameworks */,
			);
			sourceTree = "<group>";
		};
		5AAF01EA2A276CAB00DE910A /* Products */ = {
			isa = PBXGroup;
			children = (
				5AAF01E92A276CAB00DE910A /* Sneaxtore.app */,
				5AAF01FF2A276CAE00DE910A /* SneaxtoreTests.xctest */,
				5AAF02092A276CAE00DE910A /* SneaxtoreUITests.xctest */,
			);
			name = Products;
			sourceTree = "<group>";
		};
		5AAF01EB2A276CAB00DE910A /* Sneaxtore */ = {
			isa = PBXGroup;
			children = (
				5AAF01EC2A276CAB00DE910A /* AppDelegate.swift */,
				5AAF01EE2A276CAB00DE910A /* SceneDelegate.swift */,
				5AAF01F02A276CAB00DE910A /* ViewController.swift */,
				5AAF01F22A276CAB00DE910A /* Main.storyboard */,
				5AAF01F52A276CAE00DE910A /* Assets.xcassets */,
				5AAF01F72A276CAE00DE910A /* LaunchScreen.storyboard */,
				5AAF01FA2A276CAE00DE910A /* Info.plist */,
			);
			path = Sneaxtore;
			sourceTree = "<group>";
		};
		5AAF02022A276CAE00DE910A /* SneaxtoreTests */ = {
			isa = PBXGroup;
			children = (
				5AAF02032A276CAE00DE910A /* SneaxtoreTests.swift */,
			);
			path = SneaxtoreTests;
			sourceTree = "<group>";
		};
		5AAF020C2A276CAE00DE910A /* SneaxtoreUITests */ = {
			isa = PBXGroup;
			children = (
				5AAF020D2A276CAE00DE910A /* SneaxtoreUITests.swift */,
				5AAF020F2A276CAE00DE910A /* SneaxtoreUITestsLaunchTests.swift */,
			);
			path = SneaxtoreUITests;
			sourceTree = "<group>";
		};
		705FA8CBBC89ED7F3B66694C /* Frameworks */ = {
			isa = PBXGroup;
			children = (
				91FDD46EFEDBC34308FCB13E /* Pods_Sneaxtore.framework */,
				9115E03890DA0BC0F0601430 /* Pods_Sneaxtore_SneaxtoreUITests.framework */,
				824600B7241DE038975C507D /* Pods_SneaxtoreTests.framework */,
			);
			name = Frameworks;
			sourceTree = "<group>";
		};
		C26BC36D1E0831C3C059F6A9 /* Pods */ = {
			isa = PBXGroup;
			children = (
				054EDC698E9E057E3950EFDA /* Pods-Sneaxtore.debug.xcconfig */,
				3CB0D28F6DE1C2CA150074E8 /* Pods-Sneaxtore.release.xcconfig */,
				32AF71AD38494BA99683BEAC /* Pods-Sneaxtore-SneaxtoreUITests.debug.xcconfig */,
				453EBC827C61C2E6D672FCC6 /* Pods-Sneaxtore-SneaxtoreUITests.release.xcconfig */,
				5E4222416656A9399617C091 /* Pods-SneaxtoreTests.debug.xcconfig */,
				2B6A101F2B202B7414440C0B /* Pods-SneaxtoreTests.release.xcconfig */,
			);
			path = Pods;
			sourceTree = "<group>";
		};
/* End PBXGroup section */

/* Begin PBXNativeTarget section */
		5AAF01E82A276CAB00DE910A /* Sneaxtore */ = {
			isa = PBXNativeTarget;
			buildConfigurationList = 5AAF02132A276CAE00DE910A /* Build configuration list for PBXNativeTarget "Sneaxtore" */;
			buildPhases = (
				ED9379AEB829417E6B99907D /* [CP] Check Pods Manifest.lock */,
				5AAF01E52A276CAB00DE910A /* Sources */,
				5AAF01E62A276CAB00DE910A /* Frameworks */,
				5AAF01E72A276CAB00DE910A /* Resources */,
				8758FC9794092B1A14411DD9 /* [CP] Embed Pods Frameworks */,
			);
			buildRules = (
			);
			dependencies = (
			);
			name = Sneaxtore;
			productName = Sneaxtore;
			productReference = 5AAF01E92A276CAB00DE910A /* Sneaxtore.app */;
			productType = "com.apple.product-type.application";
		};
		5AAF01FE2A276CAE00DE910A /* SneaxtoreTests */ = {
			isa = PBXNativeTarget;
			buildConfigurationList = 5AAF02162A276CAE00DE910A /* Build configuration list for PBXNativeTarget "SneaxtoreTests" */;
			buildPhases = (
				29C7D4B0214BFEE08B904373 /* [CP] Check Pods Manifest.lock */,
				5AAF01FB2A276CAE00DE910A /* Sources */,
				5AAF01FC2A276CAE00DE910A /* Frameworks */,
				5AAF01FD2A276CAE00DE910A /* Resources */,
			);
			buildRules = (
			);
			dependencies = (
				5AAF02012A276CAE00DE910A /* PBXTargetDependency */,
			);
			name = SneaxtoreTests;
			productName = SneaxtoreTests;
			productReference = 5AAF01FF2A276CAE00DE910A /* SneaxtoreTests.xctest */;
			productType = "com.apple.product-type.bundle.unit-test";
		};
		5AAF02082A276CAE00DE910A /* SneaxtoreUITests */ = {
			isa = PBXNativeTarget;
			buildConfigurationList = 5AAF02192A276CAE00DE910A /* Build configuration list for PBXNativeTarget "SneaxtoreUITests" */;
			buildPhases = (
				FBE877C652CE02CF75BDEE96 /* [CP] Check Pods Manifest.lock */,
				5AAF02052A276CAE00DE910A /* Sources */,
				5AAF02062A276CAE00DE910A /* Frameworks */,
				5AAF02072A276CAE00DE910A /* Resources */,
				6A44BF397EABF215C230978F /* [CP] Embed Pods Frameworks */,
			);
			buildRules = (
			);
			dependencies = (
				5AAF020B2A276CAE00DE910A /* PBXTargetDependency */,
			);
			name = SneaxtoreUITests;
			productName = SneaxtoreUITests;
			productReference = 5AAF02092A276CAE00DE910A /* SneaxtoreUITests.xctest */;
			productType = "com.apple.product-type.bundle.ui-testing";
		};
/* End PBXNativeTarget section */

/* Begin PBXProject section */
		5AAF01E12A276CAB00DE910A /* Project object */ = {
			isa = PBXProject;
			attributes = {
				BuildIndependentTargetsInParallel = 1;
				LastSwiftUpdateCheck = 1410;
				LastUpgradeCheck = 1410;
				TargetAttributes = {
					5AAF01E82A276CAB00DE910A = {
						CreatedOnToolsVersion = 14.1;
					};
					5AAF01FE2A276CAE00DE910A = {
						CreatedOnToolsVersion = 14.1;
						TestTargetID = 5AAF01E82A276CAB00DE910A;
					};
					5AAF02082A276CAE00DE910A = {
						CreatedOnToolsVersion = 14.1;
						TestTargetID = 5AAF01E82A276CAB00DE910A;
					};
				};
			};
			buildConfigurationList = 5AAF01E42A276CAB00DE910A /* Build configuration list for PBXProject "Sneaxtore" */;
			compatibilityVersion = "Xcode 14.0";
			developmentRegion = en;
			hasScannedForEncodings = 0;
			knownRegions = (
				en,
				Base,
			);
			mainGroup = 5AAF01E02A276CAB00DE910A;
			productRefGroup = 5AAF01EA2A276CAB00DE910A /* Products */;
			projectDirPath = "";
			projectRoot = "";
			targets = (
				5AAF01E82A276CAB00DE910A /* Sneaxtore */,
				5AAF01FE2A276CAE00DE910A /* SneaxtoreTests */,
				5AAF02082A276CAE00DE910A /* SneaxtoreUITests */,
			);
		};
/* End PBXProject section */

/* Begin PBXResourcesBuildPhase section */
		5AAF01E72A276CAB00DE910A /* Resources */ = {
			isa = PBXResourcesBuildPhase;
			buildActionMask = 2147483647;
			files = (
				5AAF01F92A276CAE00DE910A /* LaunchScreen.storyboard in Resources */,
				5AAF01F62A276CAE00DE910A /* Assets.xcassets in Resources */,
				5AAF01F42A276CAB00DE910A /* Main.storyboard in Resources */,
			);
			runOnlyForDeploymentPostprocessing = 0;
		};
		5AAF01FD2A276CAE00DE910A /* Resources */ = {
			isa = PBXResourcesBuildPhase;
			buildActionMask = 2147483647;
			files = (
			);
			runOnlyForDeploymentPostprocessing = 0;
		};
		5AAF02072A276CAE00DE910A /* Resources */ = {
			isa = PBXResourcesBuildPhase;
			buildActionMask = 2147483647;
			files = (
			);
			runOnlyForDeploymentPostprocessing = 0;
		};
/* End PBXResourcesBuildPhase section */

/* Begin PBXShellScriptBuildPhase section */
		29C7D4B0214BFEE08B904373 /* [CP] Check Pods Manifest.lock */ = {
			isa = PBXShellScriptBuildPhase;
			buildActionMask = 2147483647;
			files = (
			);
			inputFileListPaths = (
			);
			inputPaths = (
				"${PODS_PODFILE_DIR_PATH}/Podfile.lock",
				"${PODS_ROOT}/Manifest.lock",
			);
			name = "[CP] Check Pods Manifest.lock";
			outputFileListPaths = (
			);
			outputPaths = (
				"$(DERIVED_FILE_DIR)/Pods-SneaxtoreTests-checkManifestLockResult.txt",
			);
			runOnlyForDeploymentPostprocessing = 0;
			shellPath = /bin/sh;
			shellScript = "diff \"${PODS_PODFILE_DIR_PATH}/Podfile.lock\" \"${PODS_ROOT}/Manifest.lock\" > /dev/null\nif [ $? != 0 ] ; then\n    # print error to STDERR\n    echo \"error: The sandbox is not in sync with the Podfile.lock. Run 'pod install' or update your CocoaPods installation.\" >&2\n    exit 1\nfi\n# This output is used by Xcode 'outputs' to avoid re-running this script phase.\necho \"SUCCESS\" > \"${SCRIPT_OUTPUT_FILE_0}\"\n";
			showEnvVarsInLog = 0;
		};
		6A44BF397EABF215C230978F /* [CP] Embed Pods Frameworks */ = {
			isa = PBXShellScriptBuildPhase;
			buildActionMask = 2147483647;
			files = (
			);
			inputFileListPaths = (
				"${PODS_ROOT}/Target Support Files/Pods-Sneaxtore-SneaxtoreUITests/Pods-Sneaxtore-SneaxtoreUITests-frameworks-${CONFIGURATION}-input-files.xcfilelist",
			);
			name = "[CP] Embed Pods Frameworks";
			outputFileListPaths = (
				"${PODS_ROOT}/Target Support Files/Pods-Sneaxtore-SneaxtoreUITests/Pods-Sneaxtore-SneaxtoreUITests-frameworks-${CONFIGURATION}-output-files.xcfilelist",
			);
			runOnlyForDeploymentPostprocessing = 0;
			shellPath = /bin/sh;
			shellScript = "\"${PODS_ROOT}/Target Support Files/Pods-Sneaxtore-SneaxtoreUITests/Pods-Sneaxtore-SneaxtoreUITests-frameworks.sh\"\n";
			showEnvVarsInLog = 0;
		};
		8758FC9794092B1A14411DD9 /* [CP] Embed Pods Frameworks */ = {
			isa = PBXShellScriptBuildPhase;
			buildActionMask = 2147483647;
			files = (
			);
			inputFileListPaths = (
				"${PODS_ROOT}/Target Support Files/Pods-Sneaxtore/Pods-Sneaxtore-frameworks-${CONFIGURATION}-input-files.xcfilelist",
			);
			name = "[CP] Embed Pods Frameworks";
			outputFileListPaths = (
				"${PODS_ROOT}/Target Support Files/Pods-Sneaxtore/Pods-Sneaxtore-frameworks-${CONFIGURATION}-output-files.xcfilelist",
			);
			runOnlyForDeploymentPostprocessing = 0;
			shellPath = /bin/sh;
			shellScript = "\"${PODS_ROOT}/Target Support Files/Pods-Sneaxtore/Pods-Sneaxtore-frameworks.sh\"\n";
			showEnvVarsInLog = 0;
		};
		ED9379AEB829417E6B99907D /* [CP] Check Pods Manifest.lock */ = {
			isa = PBXShellScriptBuildPhase;
			buildActionMask = 2147483647;
			files = (
			);
			inputFileListPaths = (
			);
			inputPaths = (
				"${PODS_PODFILE_DIR_PATH}/Podfile.lock",
				"${PODS_ROOT}/Manifest.lock",
			);
			name = "[CP] Check Pods Manifest.lock";
			outputFileListPaths = (
			);
			outputPaths = (
				"$(DERIVED_FILE_DIR)/Pods-Sneaxtore-checkManifestLockResult.txt",
			);
			runOnlyForDeploymentPostprocessing = 0;
			shellPath = /bin/sh;
			shellScript = "diff \"${PODS_PODFILE_DIR_PATH}/Podfile.lock\" \"${PODS_ROOT}/Manifest.lock\" > /dev/null\nif [ $? != 0 ] ; then\n    # print error to STDERR\n    echo \"error: The sandbox is not in sync with the Podfile.lock. Run 'pod install' or update your CocoaPods installation.\" >&2\n    exit 1\nfi\n# This output is used by Xcode 'outputs' to avoid re-running this script phase.\necho \"SUCCESS\" > \"${SCRIPT_OUTPUT_FILE_0}\"\n";
			showEnvVarsInLog = 0;
		};
		FBE877C652CE02CF75BDEE96 /* [CP] Check Pods Manifest.lock */ = {
			isa = PBXShellScriptBuildPhase;
			buildActionMask = 2147483647;
			files = (
			);
			inputFileListPaths = (
			);
			inputPaths = (
				"${PODS_PODFILE_DIR_PATH}/Podfile.lock",
				"${PODS_ROOT}/Manifest.lock",
			);
			name = "[CP] Check Pods Manifest.lock";
			outputFileListPaths = (
			);
			outputPaths = (
				"$(DERIVED_FILE_DIR)/Pods-Sneaxtore-SneaxtoreUITests-checkManifestLockResult.txt",
			);
			runOnlyForDeploymentPostprocessing = 0;
			shellPath = /bin/sh;
			shellScript = "diff \"${PODS_PODFILE_DIR_PATH}/Podfile.lock\" \"${PODS_ROOT}/Manifest.lock\" > /dev/null\nif [ $? != 0 ] ; then\n    # print error to STDERR\n    echo \"error: The sandbox is not in sync with the Podfile.lock. Run 'pod install' or update your CocoaPods installation.\" >&2\n    exit 1\nfi\n# This output is used by Xcode 'outputs' to avoid re-running this script phase.\necho \"SUCCESS\" > \"${SCRIPT_OUTPUT_FILE_0}\"\n";
			showEnvVarsInLog = 0;
		};
/* End PBXShellScriptBuildPhase section */

/* Begin PBXSourcesBuildPhase section */
		5AAF01E52A276CAB00DE910A /* Sources */ = {
			isa = PBXSourcesBuildPhase;
			buildActionMask = 2147483647;
			files = (
				5AAF01F12A276CAB00DE910A /* ViewController.swift in Sources */,
				5AAF01ED2A276CAB00DE910A /* AppDelegate.swift in Sources */,
				5AAF01EF2A276CAB00DE910A /* SceneDelegate.swift in Sources */,
			);
			runOnlyForDeploymentPostprocessing = 0;
		};
		5AAF01FB2A276CAE00DE910A /* Sources */ = {
			isa = PBXSourcesBuildPhase;
			buildActionMask = 2147483647;
			files = (
				5AAF02042A276CAE00DE910A /* SneaxtoreTests.swift in Sources */,
			);
			runOnlyForDeploymentPostprocessing = 0;
		};
		5AAF02052A276CAE00DE910A /* Sources */ = {
			isa = PBXSourcesBuildPhase;
			buildActionMask = 2147483647;
			files = (
				5AAF02102A276CAE00DE910A /* SneaxtoreUITestsLaunchTests.swift in Sources */,
				5AAF020E2A276CAE00DE910A /* SneaxtoreUITests.swift in Sources */,
			);
			runOnlyForDeploymentPostprocessing = 0;
		};
/* End PBXSourcesBuildPhase section */

/* Begin PBXTargetDependency section */
		5AAF02012A276CAE00DE910A /* PBXTargetDependency */ = {
			isa = PBXTargetDependency;
			target = 5AAF01E82A276CAB00DE910A /* Sneaxtore */;
			targetProxy = 5AAF02002A276CAE00DE910A /* PBXContainerItemProxy */;
		};
		5AAF020B2A276CAE00DE910A /* PBXTargetDependency */ = {
			isa = PBXTargetDependency;
			target = 5AAF01E82A276CAB00DE910A /* Sneaxtore */;
			targetProxy = 5AAF020A2A276CAE00DE910A /* PBXContainerItemProxy */;
		};
/* End PBXTargetDependency section */

/* Begin PBXVariantGroup section */
		5AAF01F22A276CAB00DE910A /* Main.storyboard */ = {
			isa = PBXVariantGroup;
			children = (
				5AAF01F32A276CAB00DE910A /* Base */,
			);
			name = Main.storyboard;
			sourceTree = "<group>";
		};
		5AAF01F72A276CAE00DE910A /* LaunchScreen.storyboard */ = {
			isa = PBXVariantGroup;
			children = (
				5AAF01F82A276CAE00DE910A /* Base */,
			);
			name = LaunchScreen.storyboard;
			sourceTree = "<group>";
		};
/* End PBXVariantGroup section */

/* Begin XCBuildConfiguration section */
		5AAF02112A276CAE00DE910A /* Debug */ = {
			isa = XCBuildConfiguration;
			buildSettings = {
				ALWAYS_SEARCH_USER_PATHS = NO;
				CLANG_ANALYZER_NONNULL = YES;
				CLANG_ANALYZER_NUMBER_OBJECT_CONVERSION = YES_AGGRESSIVE;
				CLANG_CXX_LANGUAGE_STANDARD = "gnu++20";
				CLANG_ENABLE_MODULES = YES;
				CLANG_ENABLE_OBJC_ARC = YES;
				CLANG_ENABLE_OBJC_WEAK = YES;
				CLANG_WARN_BLOCK_CAPTURE_AUTORELEASING = YES;
				CLANG_WARN_BOOL_CONVERSION = YES;
				CLANG_WARN_COMMA = YES;
				CLANG_WARN_CONSTANT_CONVERSION = YES;
				CLANG_WARN_DEPRECATED_OBJC_IMPLEMENTATIONS = YES;
				CLANG_WARN_DIRECT_OBJC_ISA_USAGE = YES_ERROR;
				CLANG_WARN_DOCUMENTATION_COMMENTS = YES;
				CLANG_WARN_EMPTY_BODY = YES;
				CLANG_WARN_ENUM_CONVERSION = YES;
				CLANG_WARN_INFINITE_RECURSION = YES;
				CLANG_WARN_INT_CONVERSION = YES;
				CLANG_WARN_NON_LITERAL_NULL_CONVERSION = YES;
				CLANG_WARN_OBJC_IMPLICIT_RETAIN_SELF = YES;
				CLANG_WARN_OBJC_LITERAL_CONVERSION = YES;
				CLANG_WARN_OBJC_ROOT_CLASS = YES_ERROR;
				CLANG_WARN_QUOTED_INCLUDE_IN_FRAMEWORK_HEADER = YES;
				CLANG_WARN_RANGE_LOOP_ANALYSIS = YES;
				CLANG_WARN_STRICT_PROTOTYPES = YES;
				CLANG_WARN_SUSPICIOUS_MOVE = YES;
				CLANG_WARN_UNGUARDED_AVAILABILITY = YES_AGGRESSIVE;
				CLANG_WARN_UNREACHABLE_CODE = YES;
				CLANG_WARN__DUPLICATE_METHOD_MATCH = YES;
				COPY_PHASE_STRIP = NO;
				DEBUG_INFORMATION_FORMAT = dwarf;
				ENABLE_STRICT_OBJC_MSGSEND = YES;
				ENABLE_TESTABILITY = YES;
				GCC_C_LANGUAGE_STANDARD = gnu11;
				GCC_DYNAMIC_NO_PIC = NO;
				GCC_NO_COMMON_BLOCKS = YES;
				GCC_OPTIMIZATION_LEVEL = 0;
				GCC_PREPROCESSOR_DEFINITIONS = (
					"DEBUG=1",
					"$(inherited)",
				);
				GCC_WARN_64_TO_32_BIT_CONVERSION = YES;
				GCC_WARN_ABOUT_RETURN_TYPE = YES_ERROR;
				GCC_WARN_UNDECLARED_SELECTOR = YES;
				GCC_WARN_UNINITIALIZED_AUTOS = YES_AGGRESSIVE;
				GCC_WARN_UNUSED_FUNCTION = YES;
				GCC_WARN_UNUSED_VARIABLE = YES;
				IPHONEOS_DEPLOYMENT_TARGET = 13.0;
				MTL_ENABLE_DEBUG_INFO = INCLUDE_SOURCE;
				MTL_FAST_MATH = YES;
				ONLY_ACTIVE_ARCH = YES;
				SDKROOT = iphoneos;
				SWIFT_ACTIVE_COMPILATION_CONDITIONS = DEBUG;
				SWIFT_OPTIMIZATION_LEVEL = "-Onone";
			};
			name = Debug;
		};
		5AAF02122A276CAE00DE910A /* Release */ = {
			isa = XCBuildConfiguration;
			buildSettings = {
				ALWAYS_SEARCH_USER_PATHS = NO;
				CLANG_ANALYZER_NONNULL = YES;
				CLANG_ANALYZER_NUMBER_OBJECT_CONVERSION = YES_AGGRESSIVE;
				CLANG_CXX_LANGUAGE_STANDARD = "gnu++20";
				CLANG_ENABLE_MODULES = YES;
				CLANG_ENABLE_OBJC_ARC = YES;
				CLANG_ENABLE_OBJC_WEAK = YES;
				CLANG_WARN_BLOCK_CAPTURE_AUTORELEASING = YES;
				CLANG_WARN_BOOL_CONVERSION = YES;
				CLANG_WARN_COMMA = YES;
				CLANG_WARN_CONSTANT_CONVERSION = YES;
				CLANG_WARN_DEPRECATED_OBJC_IMPLEMENTATIONS = YES;
				CLANG_WARN_DIRECT_OBJC_ISA_USAGE = YES_ERROR;
				CLANG_WARN_DOCUMENTATION_COMMENTS = YES;
				CLANG_WARN_EMPTY_BODY = YES;
				CLANG_WARN_ENUM_CONVERSION = YES;
				CLANG_WARN_INFINITE_RECURSION = YES;
				CLANG_WARN_INT_CONVERSION = YES;
				CLANG_WARN_NON_LITERAL_NULL_CONVERSION = YES;
				CLANG_WARN_OBJC_IMPLICIT_RETAIN_SELF = YES;
				CLANG_WARN_OBJC_LITERAL_CONVERSION = YES;
				CLANG_WARN_OBJC_ROOT_CLASS = YES_ERROR;
				CLANG_WARN_QUOTED_INCLUDE_IN_FRAMEWORK_HEADER = YES;
				CLANG_WARN_RANGE_LOOP_ANALYSIS = YES;
				CLANG_WARN_STRICT_PROTOTYPES = YES;
				CLANG_WARN_SUSPICIOUS_MOVE = YES;
				CLANG_WARN_UNGUARDED_AVAILABILITY = YES_AGGRESSIVE;
				CLANG_WARN_UNREACHABLE_CODE = YES;
				CLANG_WARN__DUPLICATE_METHOD_MATCH = YES;
				COPY_PHASE_STRIP = NO;
				DEBUG_INFORMATION_FORMAT = "dwarf-with-dsym";
				ENABLE_NS_ASSERTIONS = NO;
				ENABLE_STRICT_OBJC_MSGSEND = YES;
				GCC_C_LANGUAGE_STANDARD = gnu11;
				GCC_NO_COMMON_BLOCKS = YES;
				GCC_WARN_64_TO_32_BIT_CONVERSION = YES;
				GCC_WARN_ABOUT_RETURN_TYPE = YES_ERROR;
				GCC_WARN_UNDECLARED_SELECTOR = YES;
				GCC_WARN_UNINITIALIZED_AUTOS = YES_AGGRESSIVE;
				GCC_WARN_UNUSED_FUNCTION = YES;
				GCC_WARN_UNUSED_VARIABLE = YES;
				IPHONEOS_DEPLOYMENT_TARGET = 13.0;
				MTL_ENABLE_DEBUG_INFO = NO;
				MTL_FAST_MATH = YES;
				SDKROOT = iphoneos;
				SWIFT_COMPILATION_MODE = wholemodule;
				SWIFT_OPTIMIZATION_LEVEL = "-O";
				VALIDATE_PRODUCT = YES;
			};
			name = Release;
		};
		5AAF02142A276CAE00DE910A /* Debug */ = {
			isa = XCBuildConfiguration;
			baseConfigurationReference = 054EDC698E9E057E3950EFDA /* Pods-Sneaxtore.debug.xcconfig */;
			buildSettings = {
				ASSETCATALOG_COMPILER_APPICON_NAME = AppIcon;
				ASSETCATALOG_COMPILER_GLOBAL_ACCENT_COLOR_NAME = AccentColor;
				CODE_SIGN_STYLE = Automatic;
				CURRENT_PROJECT_VERSION = 1;
				DEVELOPMENT_TEAM = T9742D3TWF;
				GENERATE_INFOPLIST_FILE = YES;
				INFOPLIST_FILE = Sneaxtore/Info.plist;
				INFOPLIST_KEY_UIApplicationSupportsIndirectInputEvents = YES;
				INFOPLIST_KEY_UILaunchStoryboardName = LaunchScreen;
				INFOPLIST_KEY_UIMainStoryboardFile = Main;
				INFOPLIST_KEY_UISupportedInterfaceOrientations_iPad = "UIInterfaceOrientationPortrait UIInterfaceOrientationPortraitUpsideDown UIInterfaceOrientationLandscapeLeft UIInterfaceOrientationLandscapeRight";
				INFOPLIST_KEY_UISupportedInterfaceOrientations_iPhone = "UIInterfaceOrientationPortrait UIInterfaceOrientationLandscapeLeft UIInterfaceOrientationLandscapeRight";
				IPHONEOS_DEPLOYMENT_TARGET = 13.0;
				LD_RUNPATH_SEARCH_PATHS = (
					"$(inherited)",
					"@executable_path/Frameworks",
				);
				MARKETING_VERSION = 1.0;
				PRODUCT_BUNDLE_IDENTIFIER = com.aggydev.Sneaxtore;
				PRODUCT_NAME = "$(TARGET_NAME)";
				SWIFT_EMIT_LOC_STRINGS = YES;
				SWIFT_VERSION = 5.0;
				TARGETED_DEVICE_FAMILY = "1,2";
				TVOS_DEPLOYMENT_TARGET = 13.0;
			};
			name = Debug;
		};
		5AAF02152A276CAE00DE910A /* Release */ = {
			isa = XCBuildConfiguration;
			baseConfigurationReference = 3CB0D28F6DE1C2CA150074E8 /* Pods-Sneaxtore.release.xcconfig */;
			buildSettings = {
				ASSETCATALOG_COMPILER_APPICON_NAME = AppIcon;
				ASSETCATALOG_COMPILER_GLOBAL_ACCENT_COLOR_NAME = AccentColor;
				CODE_SIGN_STYLE = Automatic;
				CURRENT_PROJECT_VERSION = 1;
				DEVELOPMENT_TEAM = T9742D3TWF;
				GENERATE_INFOPLIST_FILE = YES;
				INFOPLIST_FILE = Sneaxtore/Info.plist;
				INFOPLIST_KEY_UIApplicationSupportsIndirectInputEvents = YES;
				INFOPLIST_KEY_UILaunchStoryboardName = LaunchScreen;
				INFOPLIST_KEY_UIMainStoryboardFile = Main;
				INFOPLIST_KEY_UISupportedInterfaceOrientations_iPad = "UIInterfaceOrientationPortrait UIInterfaceOrientationPortraitUpsideDown UIInterfaceOrientationLandscapeLeft UIInterfaceOrientationLandscapeRight";
				INFOPLIST_KEY_UISupportedInterfaceOrientations_iPhone = "UIInterfaceOrientationPortrait UIInterfaceOrientationLandscapeLeft UIInterfaceOrientationLandscapeRight";
				IPHONEOS_DEPLOYMENT_TARGET = 13.0;
				LD_RUNPATH_SEARCH_PATHS = (
					"$(inherited)",
					"@executable_path/Frameworks",
				);
				MARKETING_VERSION = 1.0;
				PRODUCT_BUNDLE_IDENTIFIER = com.aggydev.Sneaxtore;
				PRODUCT_NAME = "$(TARGET_NAME)";
				SWIFT_EMIT_LOC_STRINGS = YES;
				SWIFT_VERSION = 5.0;
				TARGETED_DEVICE_FAMILY = "1,2";
				TVOS_DEPLOYMENT_TARGET = 13.0;
			};
			name = Release;
		};
		5AAF02172A276CAE00DE910A /* Debug */ = {
			isa = XCBuildConfiguration;
			baseConfigurationReference = 5E4222416656A9399617C091 /* Pods-SneaxtoreTests.debug.xcconfig */;
			buildSettings = {
				ALWAYS_EMBED_SWIFT_STANDARD_LIBRARIES = YES;
				BUNDLE_LOADER = "$(TEST_HOST)";
				CODE_SIGN_STYLE = Automatic;
				CURRENT_PROJECT_VERSION = 1;
				DEVELOPMENT_TEAM = T9742D3TWF;
				GENERATE_INFOPLIST_FILE = YES;
				IPHONEOS_DEPLOYMENT_TARGET = 16.1;
				MARKETING_VERSION = 1.0;
				PRODUCT_BUNDLE_IDENTIFIER = com.aggydev.SneaxtoreTests;
				PRODUCT_NAME = "$(TARGET_NAME)";
				SWIFT_EMIT_LOC_STRINGS = NO;
				SWIFT_VERSION = 5.0;
				TARGETED_DEVICE_FAMILY = "1,2";
				TEST_HOST = "$(BUILT_PRODUCTS_DIR)/Sneaxtore.app/$(BUNDLE_EXECUTABLE_FOLDER_PATH)/Sneaxtore";
			};
			name = Debug;
		};
		5AAF02182A276CAE00DE910A /* Release */ = {
			isa = XCBuildConfiguration;
			baseConfigurationReference = 2B6A101F2B202B7414440C0B /* Pods-SneaxtoreTests.release.xcconfig */;
			buildSettings = {
				ALWAYS_EMBED_SWIFT_STANDARD_LIBRARIES = YES;
				BUNDLE_LOADER = "$(TEST_HOST)";
				CODE_SIGN_STYLE = Automatic;
				CURRENT_PROJECT_VERSION = 1;
				DEVELOPMENT_TEAM = T9742D3TWF;
				GENERATE_INFOPLIST_FILE = YES;
				IPHONEOS_DEPLOYMENT_TARGET = 16.1;
				MARKETING_VERSION = 1.0;
				PRODUCT_BUNDLE_IDENTIFIER = com.aggydev.SneaxtoreTests;
				PRODUCT_NAME = "$(TARGET_NAME)";
				SWIFT_EMIT_LOC_STRINGS = NO;
				SWIFT_VERSION = 5.0;
				TARGETED_DEVICE_FAMILY = "1,2";
				TEST_HOST = "$(BUILT_PRODUCTS_DIR)/Sneaxtore.app/$(BUNDLE_EXECUTABLE_FOLDER_PATH)/Sneaxtore";
			};
			name = Release;
		};
		5AAF021A2A276CAE00DE910A /* Debug */ = {
			isa = XCBuildConfiguration;
			baseConfigurationReference = 32AF71AD38494BA99683BEAC /* Pods-Sneaxtore-SneaxtoreUITests.debug.xcconfig */;
			buildSettings = {
				ALWAYS_EMBED_SWIFT_STANDARD_LIBRARIES = YES;
				CODE_SIGN_STYLE = Automatic;
				CURRENT_PROJECT_VERSION = 1;
				DEVELOPMENT_TEAM = T9742D3TWF;
				GENERATE_INFOPLIST_FILE = YES;
				MARKETING_VERSION = 1.0;
				PRODUCT_BUNDLE_IDENTIFIER = com.aggydev.SneaxtoreUITests;
				PRODUCT_NAME = "$(TARGET_NAME)";
				SWIFT_EMIT_LOC_STRINGS = NO;
				SWIFT_VERSION = 5.0;
				TARGETED_DEVICE_FAMILY = "1,2";
				TEST_TARGET_NAME = Sneaxtore;
			};
			name = Debug;
		};
		5AAF021B2A276CAE00DE910A /* Release */ = {
			isa = XCBuildConfiguration;
			baseConfigurationReference = 453EBC827C61C2E6D672FCC6 /* Pods-Sneaxtore-SneaxtoreUITests.release.xcconfig */;
			buildSettings = {
				ALWAYS_EMBED_SWIFT_STANDARD_LIBRARIES = YES;
				CODE_SIGN_STYLE = Automatic;
				CURRENT_PROJECT_VERSION = 1;
				DEVELOPMENT_TEAM = T9742D3TWF;
				GENERATE_INFOPLIST_FILE = YES;
				MARKETING_VERSION = 1.0;
				PRODUCT_BUNDLE_IDENTIFIER = com.aggydev.SneaxtoreUITests;
				PRODUCT_NAME = "$(TARGET_NAME)";
				SWIFT_EMIT_LOC_STRINGS = NO;
				SWIFT_VERSION = 5.0;
				TARGETED_DEVICE_FAMILY = "1,2";
				TEST_TARGET_NAME = Sneaxtore;
			};
			name = Release;
		};
/* End XCBuildConfiguration section */

/* Begin XCConfigurationList section */
		5AAF01E42A276CAB00DE910A /* Build configuration list for PBXProject "Sneaxtore" */ = {
			isa = XCConfigurationList;
			buildConfigurations = (
				5AAF02112A276CAE00DE910A /* Debug */,
				5AAF02122A276CAE00DE910A /* Release */,
			);
			defaultConfigurationIsVisible = 0;
			defaultConfigurationName = Release;
		};
		5AAF02132A276CAE00DE910A /* Build configuration list for PBXNativeTarget "Sneaxtore" */ = {
			isa = XCConfigurationList;
			buildConfigurations = (
				5AAF02142A276CAE00DE910A /* Debug */,
				5AAF02152A276CAE00DE910A /* Release */,
			);
			defaultConfigurationIsVisible = 0;
			defaultConfigurationName = Release;
		};
		5AAF02162A276CAE00DE910A /* Build configuration list for PBXNativeTarget "SneaxtoreTests" */ = {
			isa = XCConfigurationList;
			buildConfigurations = (
				5AAF02172A276CAE00DE910A /* Debug */,
				5AAF02182A276CAE00DE910A /* Release */,
			);
			defaultConfigurationIsVisible = 0;
			defaultConfigurationName = Release;
		};
		5AAF02192A276CAE00DE910A /* Build configuration list for PBXNativeTarget "SneaxtoreUITests" */ = {
			isa = XCConfigurationList;
			buildConfigurations = (
				5AAF021A2A276CAE00DE910A /* Debug */,
				5AAF021B2A276CAE00DE910A /* Release */,
			);
			defaultConfigurationIsVisible = 0;
			defaultConfigurationName = Release;
		};
/* End XCConfigurationList section */
	};
	rootObject = 5AAF01E12A276CAB00DE910A /* Project object */;
}
